
Microsoft Visual Studio Solution File, Format Version 12.00
# Visual Studio Version 16
VisualStudioVersion = 16.0.28803.202
MinimumVisualStudioVersion = 10.0.40219.1
Project("{FAE04EC0-301F-11D3-BF4B-00C04F79EFBC}") = "ConfiguringDotNetCoreDemo", "ConfiguringDotNetCoreDemo\ConfiguringDotNetCoreDemo.csproj", "{622324F7-8B1B-48C0-B82F-62881FB0976B}"
EndProject
Global
	GlobalSection(SolutionConfigurationPlatforms) = preSolution
		Debug|Any CPU = Debug|Any CPU
		Release|Any CPU = Release|Any CPU
	EndGlobalSection
	GlobalSection(ProjectConfigurationPlatforms) = postSolution
		{622324F7-8B1B-48C0-B82F-62881FB0976B}.Debug|Any CPU.ActiveCfg = Debug|Any CPU
		{622324F7-8B1B-48C0-B82F-62881FB0976B}.Debug|Any CPU.Build.0 = Debug|Any CPU
		{622324F7-8B1B-48C0-B82F-62881FB0976B}.Release|Any CPU.ActiveCfg = Release|Any CPU
		{622324F7-8B1B-48C0-B82F-62881FB0976B}.Release|Any CPU.Build.0 = Release|Any CPU
	EndGlobalSection
	GlobalSection(SolutionProperties) = preSolution
		HideSolutionNode = FALSE
	EndGlobalSection
	GlobalSection(ExtensibilityGlobals) = postSolution
		SolutionGuid = {2FB30261-73E1-4033-9A21-D6EE87095DD6}
	EndGlobalSection
EndGlobal
